
Microsoft Visual Studio Solution File, Format Version 12.00
# Visual Studio Version 17
VisualStudioVersion = 17.4.33110.190
MinimumVisualStudioVersion = 10.0.40219.1
Project("{9A19103F-16F7-4668-BE54-9A1E7A4F7556}") = "CodeFirst", "CodeFirst\CodeFirst.csproj", "{49665A81-44EC-4B8D-9780-F6574AC68E87}"
EndProject
Project("{9A19103F-16F7-4668-BE54-9A1E7A4F7556}") = "DatabaseFirst", "DatabaseFirst\DatabaseFirst.csproj", "{1A7CDCBA-CC80-4098-8425-28B3896CFC2D}"
EndProject
Project("{9A19103F-16F7-4668-BE54-9A1E7A4F7556}") = "Lesson9", "Lesson9\Lesson9.csproj", "{2E7ED18E-0BF3-4FC6-8BF1-ED0257BD4A99}"
EndProject
Project("{FAE04EC0-301F-11D3-BF4B-00C04F79EFBC}") = "Querying", "Querying\Querying.csproj", "{B9894913-B9E1-47A0-9D4E-AFAB3E44E002}"
EndProject
Global
	GlobalSection(SolutionConfigurationPlatforms) = preSolution
		Debug|Any CPU = Debug|Any CPU
		Release|Any CPU = Release|Any CPU
	EndGlobalSection
	GlobalSection(ProjectConfigurationPlatforms) = postSolution
		{49665A81-44EC-4B8D-9780-F6574AC68E87}.Debug|Any CPU.ActiveCfg = Debug|Any CPU
		{49665A81-44EC-4B8D-9780-F6574AC68E87}.Debug|Any CPU.Build.0 = Debug|Any CPU
		{49665A81-44EC-4B8D-9780-F6574AC68E87}.Release|Any CPU.ActiveCfg = Release|Any CPU
		{49665A81-44EC-4B8D-9780-F6574AC68E87}.Release|Any CPU.Build.0 = Release|Any CPU
		{1A7CDCBA-CC80-4098-8425-28B3896CFC2D}.Debug|Any CPU.ActiveCfg = Debug|Any CPU
		{1A7CDCBA-CC80-4098-8425-28B3896CFC2D}.Debug|Any CPU.Build.0 = Debug|Any CPU
		{1A7CDCBA-CC80-4098-8425-28B3896CFC2D}.Release|Any CPU.ActiveCfg = Release|Any CPU
		{1A7CDCBA-CC80-4098-8425-28B3896CFC2D}.Release|Any CPU.Build.0 = Release|Any CPU
		{2E7ED18E-0BF3-4FC6-8BF1-ED0257BD4A99}.Debug|Any CPU.ActiveCfg = Debug|Any CPU
		{2E7ED18E-0BF3-4FC6-8BF1-ED0257BD4A99}.Debug|Any CPU.Build.0 = Debug|Any CPU
		{2E7ED18E-0BF3-4FC6-8BF1-ED0257BD4A99}.Release|Any CPU.ActiveCfg = Release|Any CPU
		{2E7ED18E-0BF3-4FC6-8BF1-ED0257BD4A99}.Release|Any CPU.Build.0 = Release|Any CPU
		{B9894913-B9E1-47A0-9D4E-AFAB3E44E002}.Debug|Any CPU.ActiveCfg = Debug|Any CPU
		{B9894913-B9E1-47A0-9D4E-AFAB3E44E002}.Debug|Any CPU.Build.0 = Debug|Any CPU
		{B9894913-B9E1-47A0-9D4E-AFAB3E44E002}.Release|Any CPU.ActiveCfg = Release|Any CPU
		{B9894913-B9E1-47A0-9D4E-AFAB3E44E002}.Release|Any CPU.Build.0 = Release|Any CPU
	EndGlobalSection
	GlobalSection(SolutionProperties) = preSolution
		HideSolutionNode = FALSE
	EndGlobalSection
	GlobalSection(ExtensibilityGlobals) = postSolution
		SolutionGuid = {326B77E1-ECCE-4684-A50A-3ABCB90380DC}
	EndGlobalSection
EndGlobal
