
Microsoft Visual Studio Solution File, Format Version 12.00
# Visual Studio Version 17
VisualStudioVersion = 17.4.33110.190
MinimumVisualStudioVersion = 10.0.40219.1
Project("{9A19103F-16F7-4668-BE54-9A1E7A4F7556}") = "CodeFirst", "CodeFirst\CodeFirst.csproj", "{49665A81-44EC-4B8D-9780-F6574AC68E87}"
EndProject
Project("{9A19103F-16F7-4668-BE54-9A1E7A4F7556}") = "DatabaseFirst", "DatabaseFirst\DatabaseFirst.csproj", "{1A7CDCBA-CC80-4098-8425-28B3896CFC2D}"
EndProject
Project("{9A19103F-16F7-4668-BE54-9A1E7A4F7556}") = "Lesson9", "Lesson9\Lesson9.csproj", "{2E7ED18E-0BF3-4FC6-8BF1-ED0257BD4A99}"
EndProject
Project("{9A19103F-16F7-4668-BE54-9A1E7A4F7556}") = "Querying", "Querying\Querying.csproj", "{B9894913-B9E1-47A0-9D4E-AFAB3E44E002}"
EndProject
Project("{9A19103F-16F7-4668-BE54-9A1E7A4F7556}") = "ChangeTracker", "ChangeTracker\ChangeTracker.csproj", "{18A2FF6E-9A14-423C-886B-E09CB59FF3F1}"
EndProject
Project("{9A19103F-16F7-4668-BE54-9A1E7A4F7556}") = "Tracking", "Tracking\Tracking.csproj", "{15E95D8B-1142-45CE-817D-EB14D594AEE6}"
EndProject
Project("{9A19103F-16F7-4668-BE54-9A1E7A4F7556}") = "Relationships", "Relationships\Relationships.csproj", "{E746894F-6AB5-4760-8B3D-C15B616A06A6}"
EndProject
Project("{9A19103F-16F7-4668-BE54-9A1E7A4F7556}") = "One_to_One_Relationship", "One_to_One_Relationship\One_to_One_Relationship.csproj", "{BF52F811-238D-44C2-9D52-CB43A3069DEA}"
EndProject
Project("{FAE04EC0-301F-11D3-BF4B-00C04F79EFBC}") = "One_to_Many_Relationship", "One_to_Many_Relationship\One_to_Many_Relationship.csproj", "{7D1947BB-61EC-4787-9249-FE5AC90919C6}"
EndProject
Project("{FAE04EC0-301F-11D3-BF4B-00C04F79EFBC}") = "Many_to_Many_Relationship", "Many_to_Many_Relationship\Many_to_Many_Relationship.csproj", "{49CF2DCA-43A2-4F5B-A488-5E05AD324ED1}"
EndProject
Project("{FAE04EC0-301F-11D3-BF4B-00C04F79EFBC}") = "Saving_Related_Data", "Saving_Related_Data\Saving_Related_Data.csproj", "{DB6C4B32-05BD-4CB5-A2BF-BC0DDD2EE780}"
EndProject
Project("{FAE04EC0-301F-11D3-BF4B-00C04F79EFBC}") = "Updating_Related_Data", "Updating_Related_Data\Updating_Related_Data.csproj", "{830E654C-5684-4B2E-BD23-F353D502C2DB}"
EndProject
Project("{FAE04EC0-301F-11D3-BF4B-00C04F79EFBC}") = "Deleting_Related_Data", "Deleting_Related_Data\Deleting_Related_Data.csproj", "{3455FB0D-70D0-491C-AF68-59E9D87BD44B}"
EndProject
Global
	GlobalSection(SolutionConfigurationPlatforms) = preSolution
		Debug|Any CPU = Debug|Any CPU
		Release|Any CPU = Release|Any CPU
	EndGlobalSection
	GlobalSection(ProjectConfigurationPlatforms) = postSolution
		{49665A81-44EC-4B8D-9780-F6574AC68E87}.Debug|Any CPU.ActiveCfg = Debug|Any CPU
		{49665A81-44EC-4B8D-9780-F6574AC68E87}.Debug|Any CPU.Build.0 = Debug|Any CPU
		{49665A81-44EC-4B8D-9780-F6574AC68E87}.Release|Any CPU.ActiveCfg = Release|Any CPU
		{49665A81-44EC-4B8D-9780-F6574AC68E87}.Release|Any CPU.Build.0 = Release|Any CPU
		{1A7CDCBA-CC80-4098-8425-28B3896CFC2D}.Debug|Any CPU.ActiveCfg = Debug|Any CPU
		{1A7CDCBA-CC80-4098-8425-28B3896CFC2D}.Debug|Any CPU.Build.0 = Debug|Any CPU
		{1A7CDCBA-CC80-4098-8425-28B3896CFC2D}.Release|Any CPU.ActiveCfg = Release|Any CPU
		{1A7CDCBA-CC80-4098-8425-28B3896CFC2D}.Release|Any CPU.Build.0 = Release|Any CPU
		{2E7ED18E-0BF3-4FC6-8BF1-ED0257BD4A99}.Debug|Any CPU.ActiveCfg = Debug|Any CPU
		{2E7ED18E-0BF3-4FC6-8BF1-ED0257BD4A99}.Debug|Any CPU.Build.0 = Debug|Any CPU
		{2E7ED18E-0BF3-4FC6-8BF1-ED0257BD4A99}.Release|Any CPU.ActiveCfg = Release|Any CPU
		{2E7ED18E-0BF3-4FC6-8BF1-ED0257BD4A99}.Release|Any CPU.Build.0 = Release|Any CPU
		{B9894913-B9E1-47A0-9D4E-AFAB3E44E002}.Debug|Any CPU.ActiveCfg = Debug|Any CPU
		{B9894913-B9E1-47A0-9D4E-AFAB3E44E002}.Debug|Any CPU.Build.0 = Debug|Any CPU
		{B9894913-B9E1-47A0-9D4E-AFAB3E44E002}.Release|Any CPU.ActiveCfg = Release|Any CPU
		{B9894913-B9E1-47A0-9D4E-AFAB3E44E002}.Release|Any CPU.Build.0 = Release|Any CPU
		{18A2FF6E-9A14-423C-886B-E09CB59FF3F1}.Debug|Any CPU.ActiveCfg = Debug|Any CPU
		{18A2FF6E-9A14-423C-886B-E09CB59FF3F1}.Debug|Any CPU.Build.0 = Debug|Any CPU
		{18A2FF6E-9A14-423C-886B-E09CB59FF3F1}.Release|Any CPU.ActiveCfg = Release|Any CPU
		{18A2FF6E-9A14-423C-886B-E09CB59FF3F1}.Release|Any CPU.Build.0 = Release|Any CPU
		{15E95D8B-1142-45CE-817D-EB14D594AEE6}.Debug|Any CPU.ActiveCfg = Debug|Any CPU
		{15E95D8B-1142-45CE-817D-EB14D594AEE6}.Debug|Any CPU.Build.0 = Debug|Any CPU
		{15E95D8B-1142-45CE-817D-EB14D594AEE6}.Release|Any CPU.ActiveCfg = Release|Any CPU
		{15E95D8B-1142-45CE-817D-EB14D594AEE6}.Release|Any CPU.Build.0 = Release|Any CPU
		{E746894F-6AB5-4760-8B3D-C15B616A06A6}.Debug|Any CPU.ActiveCfg = Debug|Any CPU
		{E746894F-6AB5-4760-8B3D-C15B616A06A6}.Debug|Any CPU.Build.0 = Debug|Any CPU
		{E746894F-6AB5-4760-8B3D-C15B616A06A6}.Release|Any CPU.ActiveCfg = Release|Any CPU
		{E746894F-6AB5-4760-8B3D-C15B616A06A6}.Release|Any CPU.Build.0 = Release|Any CPU
		{BF52F811-238D-44C2-9D52-CB43A3069DEA}.Debug|Any CPU.ActiveCfg = Debug|Any CPU
		{BF52F811-238D-44C2-9D52-CB43A3069DEA}.Debug|Any CPU.Build.0 = Debug|Any CPU
		{BF52F811-238D-44C2-9D52-CB43A3069DEA}.Release|Any CPU.ActiveCfg = Release|Any CPU
		{BF52F811-238D-44C2-9D52-CB43A3069DEA}.Release|Any CPU.Build.0 = Release|Any CPU
		{7D1947BB-61EC-4787-9249-FE5AC90919C6}.Debug|Any CPU.ActiveCfg = Debug|Any CPU
		{7D1947BB-61EC-4787-9249-FE5AC90919C6}.Debug|Any CPU.Build.0 = Debug|Any CPU
		{7D1947BB-61EC-4787-9249-FE5AC90919C6}.Release|Any CPU.ActiveCfg = Release|Any CPU
		{7D1947BB-61EC-4787-9249-FE5AC90919C6}.Release|Any CPU.Build.0 = Release|Any CPU
		{49CF2DCA-43A2-4F5B-A488-5E05AD324ED1}.Debug|Any CPU.ActiveCfg = Debug|Any CPU
		{49CF2DCA-43A2-4F5B-A488-5E05AD324ED1}.Debug|Any CPU.Build.0 = Debug|Any CPU
		{49CF2DCA-43A2-4F5B-A488-5E05AD324ED1}.Release|Any CPU.ActiveCfg = Release|Any CPU
		{49CF2DCA-43A2-4F5B-A488-5E05AD324ED1}.Release|Any CPU.Build.0 = Release|Any CPU
		{DB6C4B32-05BD-4CB5-A2BF-BC0DDD2EE780}.Debug|Any CPU.ActiveCfg = Debug|Any CPU
		{DB6C4B32-05BD-4CB5-A2BF-BC0DDD2EE780}.Debug|Any CPU.Build.0 = Debug|Any CPU
		{DB6C4B32-05BD-4CB5-A2BF-BC0DDD2EE780}.Release|Any CPU.ActiveCfg = Release|Any CPU
		{DB6C4B32-05BD-4CB5-A2BF-BC0DDD2EE780}.Release|Any CPU.Build.0 = Release|Any CPU
		{830E654C-5684-4B2E-BD23-F353D502C2DB}.Debug|Any CPU.ActiveCfg = Debug|Any CPU
		{830E654C-5684-4B2E-BD23-F353D502C2DB}.Debug|Any CPU.Build.0 = Debug|Any CPU
		{830E654C-5684-4B2E-BD23-F353D502C2DB}.Release|Any CPU.ActiveCfg = Release|Any CPU
		{830E654C-5684-4B2E-BD23-F353D502C2DB}.Release|Any CPU.Build.0 = Release|Any CPU
		{3455FB0D-70D0-491C-AF68-59E9D87BD44B}.Debug|Any CPU.ActiveCfg = Debug|Any CPU
		{3455FB0D-70D0-491C-AF68-59E9D87BD44B}.Debug|Any CPU.Build.0 = Debug|Any CPU
		{3455FB0D-70D0-491C-AF68-59E9D87BD44B}.Release|Any CPU.ActiveCfg = Release|Any CPU
		{3455FB0D-70D0-491C-AF68-59E9D87BD44B}.Release|Any CPU.Build.0 = Release|Any CPU
	EndGlobalSection
	GlobalSection(SolutionProperties) = preSolution
		HideSolutionNode = FALSE
	EndGlobalSection
	GlobalSection(ExtensibilityGlobals) = postSolution
		SolutionGuid = {326B77E1-ECCE-4684-A50A-3ABCB90380DC}
	EndGlobalSection
EndGlobal
